
Microsoft Visual Studio Solution File, Format Version 12.00
# Visual Studio Version 17
VisualStudioVersion = 17.14.36408.4 d17.14
MinimumVisualStudioVersion = 10.0.40219.1
Project("{FAE04EC0-301F-11D3-BF4B-00C04F79EFBC}") = "WhatIcookDinner", "WhatIcookDinner\WhatIcookDinner.csproj", "{6DF90D2C-EC18-480F-B785-16B82455CB79}"
EndProject
Global
	GlobalSection(SolutionConfigurationPlatforms) = preSolution
		Debug|Any CPU = Debug|Any CPU
		Release|Any CPU = Release|Any CPU
	EndGlobalSection
	GlobalSection(ProjectConfigurationPlatforms) = postSolution
		{6DF90D2C-EC18-480F-B785-16B82455CB79}.Debug|Any CPU.ActiveCfg = Debug|Any CPU
		{6DF90D2C-EC18-480F-B785-16B82455CB79}.Debug|Any CPU.Build.0 = Debug|Any CPU
		{6DF90D2C-EC18-480F-B785-16B82455CB79}.Release|Any CPU.ActiveCfg = Release|Any CPU
		{6DF90D2C-EC18-480F-B785-16B82455CB79}.Release|Any CPU.Build.0 = Release|Any CPU
	EndGlobalSection
	GlobalSection(SolutionProperties) = preSolution
		HideSolutionNode = FALSE
	EndGlobalSection
	GlobalSection(ExtensibilityGlobals) = postSolution
		SolutionGuid = {01C0EC46-7999-4585-A3D1-75D12C5A6291}
	EndGlobalSection
EndGlobal
